
Microsoft Visual Studio Solution File, Format Version 12.00
# Visual Studio 15
VisualStudioVersion = 15.0.26403.7
MinimumVisualStudioVersion = 10.0.40219.1
Project("{9A19103F-16F7-4668-BE54-9A1E7A4F7556}") = "host", "host\host.csproj", "{0B4EF56A-A0B1-427D-B26E-2894905B911D}"
EndProject
Project("{9A19103F-16F7-4668-BE54-9A1E7A4F7556}") = "domain", "domain\domain.csproj", "{1F010146-9460-45D5-8991-45ED70D27399}"
EndProject
Project("{9A19103F-16F7-4668-BE54-9A1E7A4F7556}") = "Kit.Core", "..\..\kit\Kit.Core\Kit.Core.csproj", "{5DB6DDB7-EC80-4AD2-9DC0-D98EAF018DA7}"
EndProject
Project("{9A19103F-16F7-4668-BE54-9A1E7A4F7556}") = "Kit.Dal", "..\..\kit\Kit.Dal\Kit.Dal.csproj", "{7E53BB79-5A7A-412E-A575-0F5C738D91C0}"
EndProject
Project("{9A19103F-16F7-4668-BE54-9A1E7A4F7556}") = "Kit.Dal.Postgre", "..\..\kit\Kit.Dal.Postgre\Kit.Dal.Postgre.csproj", "{863667E0-8FBE-4B29-9EAF-EAF2126B85D5}"
EndProject
Project("{9A19103F-16F7-4668-BE54-9A1E7A4F7556}") = "Kit.Core.Web", "..\..\kit\Kit.Core.Web\Kit.Core.Web.csproj", "{FD18D69E-03BD-4379-8ECA-DEC5006CF37D}"
EndProject
Global
	GlobalSection(SolutionConfigurationPlatforms) = preSolution
		Debug|Any CPU = Debug|Any CPU
		Release|Any CPU = Release|Any CPU
	EndGlobalSection
	GlobalSection(ProjectConfigurationPlatforms) = postSolution
		{0B4EF56A-A0B1-427D-B26E-2894905B911D}.Debug|Any CPU.ActiveCfg = Debug|Any CPU
		{0B4EF56A-A0B1-427D-B26E-2894905B911D}.Debug|Any CPU.Build.0 = Debug|Any CPU
		{0B4EF56A-A0B1-427D-B26E-2894905B911D}.Release|Any CPU.ActiveCfg = Release|Any CPU
		{0B4EF56A-A0B1-427D-B26E-2894905B911D}.Release|Any CPU.Build.0 = Release|Any CPU
		{1F010146-9460-45D5-8991-45ED70D27399}.Debug|Any CPU.ActiveCfg = Debug|Any CPU
		{1F010146-9460-45D5-8991-45ED70D27399}.Debug|Any CPU.Build.0 = Debug|Any CPU
		{1F010146-9460-45D5-8991-45ED70D27399}.Release|Any CPU.ActiveCfg = Release|Any CPU
		{1F010146-9460-45D5-8991-45ED70D27399}.Release|Any CPU.Build.0 = Release|Any CPU
		{5DB6DDB7-EC80-4AD2-9DC0-D98EAF018DA7}.Debug|Any CPU.ActiveCfg = Debug|Any CPU
		{5DB6DDB7-EC80-4AD2-9DC0-D98EAF018DA7}.Debug|Any CPU.Build.0 = Debug|Any CPU
		{5DB6DDB7-EC80-4AD2-9DC0-D98EAF018DA7}.Release|Any CPU.ActiveCfg = Release|Any CPU
		{5DB6DDB7-EC80-4AD2-9DC0-D98EAF018DA7}.Release|Any CPU.Build.0 = Release|Any CPU
		{7E53BB79-5A7A-412E-A575-0F5C738D91C0}.Debug|Any CPU.ActiveCfg = Debug|Any CPU
		{7E53BB79-5A7A-412E-A575-0F5C738D91C0}.Debug|Any CPU.Build.0 = Debug|Any CPU
		{7E53BB79-5A7A-412E-A575-0F5C738D91C0}.Release|Any CPU.ActiveCfg = Release|Any CPU
		{7E53BB79-5A7A-412E-A575-0F5C738D91C0}.Release|Any CPU.Build.0 = Release|Any CPU
		{863667E0-8FBE-4B29-9EAF-EAF2126B85D5}.Debug|Any CPU.ActiveCfg = Debug|Any CPU
		{863667E0-8FBE-4B29-9EAF-EAF2126B85D5}.Debug|Any CPU.Build.0 = Debug|Any CPU
		{863667E0-8FBE-4B29-9EAF-EAF2126B85D5}.Release|Any CPU.ActiveCfg = Release|Any CPU
		{863667E0-8FBE-4B29-9EAF-EAF2126B85D5}.Release|Any CPU.Build.0 = Release|Any CPU
		{FD18D69E-03BD-4379-8ECA-DEC5006CF37D}.Debug|Any CPU.ActiveCfg = Debug|Any CPU
		{FD18D69E-03BD-4379-8ECA-DEC5006CF37D}.Debug|Any CPU.Build.0 = Debug|Any CPU
		{FD18D69E-03BD-4379-8ECA-DEC5006CF37D}.Release|Any CPU.ActiveCfg = Release|Any CPU
		{FD18D69E-03BD-4379-8ECA-DEC5006CF37D}.Release|Any CPU.Build.0 = Release|Any CPU
	EndGlobalSection
	GlobalSection(SolutionProperties) = preSolution
		HideSolutionNode = FALSE
	EndGlobalSection
EndGlobal
